
Microsoft Visual Studio Solution File, Format Version 12.00
# Visual Studio 15
VisualStudioVersion = 15.0.26430.16
MinimumVisualStudioVersion = 10.0.40219.1
Project("{FAE04EC0-301F-11D3-BF4B-00C04F79EFBC}") = "BLE_SpeedTest", "BLE_SpeedTest\BLE_SpeedTest.csproj", "{74FAA9B6-D3C9-4F7B-8FEC-39B2B302ECCA}"
EndProject
Global
	GlobalSection(SolutionConfigurationPlatforms) = preSolution
		Debug|Any CPU = Debug|Any CPU
		Release|Any CPU = Release|Any CPU
	EndGlobalSection
	GlobalSection(ProjectConfigurationPlatforms) = postSolution
		{74FAA9B6-D3C9-4F7B-8FEC-39B2B302ECCA}.Debug|Any CPU.ActiveCfg = Debug|Any CPU
		{74FAA9B6-D3C9-4F7B-8FEC-39B2B302ECCA}.Debug|Any CPU.Build.0 = Debug|Any CPU
		{74FAA9B6-D3C9-4F7B-8FEC-39B2B302ECCA}.Release|Any CPU.ActiveCfg = Release|Any CPU
		{74FAA9B6-D3C9-4F7B-8FEC-39B2B302ECCA}.Release|Any CPU.Build.0 = Release|Any CPU
	EndGlobalSection
	GlobalSection(SolutionProperties) = preSolution
		HideSolutionNode = FALSE
	EndGlobalSection
EndGlobal
